Microsoft Visual Studio Solution File, Format Version 12.00
# Visual Studio Version 17
VisualStudioVersion = 17.0.31903.59
MinimumVisualStudioVersion = 10.0.40219.1
Project("{FAE04EC0-301F-11D3-BF4B-00C04F79EFBC}") = "Lifecycle.Abstractions", "src\Lifecycle.Abstractions\Lifecycle.Abstractions.csproj", "{A9A40E5E-6C2D-4D6B-9D12-000000000001}"
EndProject
Project("{FAE04EC0-301F-11D3-BF4B-00C04F79EFBC}") = "Lifecycle.NET", "src\Lifecycle.NET\Lifecycle.NET.csproj", "{A9A40E5E-6C2D-4D6B-9D12-000000000002}"
EndProject
Project("{FAE04EC0-301F-11D3-BF4B-00C04F79EFBC}") = "Lifecycle.Graph", "src\Lifecycle.Graph\Lifecycle.Graph.csproj", "{A9A40E5E-6C2D-4D6B-9D12-000000000003}"
EndProject
Project("{FAE04EC0-301F-11D3-BF4B-00C04F79EFBC}") = "Lifecycle.Diagnostics", "src\Lifecycle.Diagnostics\Lifecycle.Diagnostics.csproj", "{A9A40E5E-6C2D-4D6B-9D12-000000000006}"
EndProject
Project("{FAE04EC0-301F-11D3-BF4B-00C04F79EFBC}") = "Lifecycle.Hosting", "src\Lifecycle.Hosting\Lifecycle.Hosting.csproj", "{A9A40E5E-6C2D-4D6B-9D12-000000000007}"
EndProject
Project("{FAE04EC0-301F-11D3-BF4B-00C04F79EFBC}") = "Lifecycle.Extensions.DependencyInjection", "src\Lifecycle.Extensions.DependencyInjection\Lifecycle.Extensions.DependencyInjection.csproj", "{A9A40E5E-6C2D-4D6B-9D12-000000000004}"
EndProject
Project("{FAE04EC0-301F-11D3-BF4B-00C04F79EFBC}") = "Lifecycle.Tests", "tests\Lifecycle.Tests\Lifecycle.Tests.csproj", "{A9A40E5E-6C2D-4D6B-9D12-000000000005}"
EndProject
Global
  GlobalSection(SolutionConfigurationPlatforms) = preSolution
    Debug|Any CPU = Debug|Any CPU
    Release|Any CPU = Release|Any CPU
  EndGlobalSection
  GlobalSection(ProjectConfigurationPlatforms) = postSolution
    {A9A40E5E-6C2D-4D6B-9D12-000000000001}.Debug|Any CPU.ActiveCfg = Debug|Any CPU
    {A9A40E5E-6C2D-4D6B-9D12-000000000001}.Debug|Any CPU.Build.0 = Debug|Any CPU
    {A9A40E5E-6C2D-4D6B-9D12-000000000002}.Debug|Any CPU.ActiveCfg = Debug|Any CPU
    {A9A40E5E-6C2D-4D6B-9D12-000000000002}.Debug|Any CPU.Build.0 = Debug|Any CPU
    {A9A40E5E-6C2D-4D6B-9D12-000000000003}.Debug|Any CPU.ActiveCfg = Debug|Any CPU
    {A9A40E5E-6C2D-4D6B-9D12-000000000003}.Debug|Any CPU.Build.0 = Debug|Any CPU
    {A9A40E5E-6C2D-4D6B-9D12-000000000004}.Debug|Any CPU.ActiveCfg = Debug|Any CPU
    {A9A40E5E-6C2D-4D6B-9D12-000000000004}.Debug|Any CPU.Build.0 = Debug|Any CPU
    {A9A40E5E-6C2D-4D6B-9D12-000000000005}.Debug|Any CPU.ActiveCfg = Debug|Any CPU
    {A9A40E5E-6C2D-4D6B-9D12-000000000005}.Debug|Any CPU.Build.0 = Debug|Any CPU
    {A9A40E5E-6C2D-4D6B-9D12-000000000001}.Release|Any CPU.ActiveCfg = Release|Any CPU
    {A9A40E5E-6C2D-4D6B-9D12-000000000001}.Release|Any CPU.Build.0 = Release|Any CPU
    {A9A40E5E-6C2D-4D6B-9D12-000000000002}.Release|Any CPU.ActiveCfg = Release|Any CPU
    {A9A40E5E-6C2D-4D6B-9D12-000000000002}.Release|Any CPU.Build.0 = Release|Any CPU
    {A9A40E5E-6C2D-4D6B-9D12-000000000003}.Release|Any CPU.ActiveCfg = Release|Any CPU
    {A9A40E5E-6C2D-4D6B-9D12-000000000003}.Release|Any CPU.Build.0 = Release|Any CPU
    {A9A40E5E-6C2D-4D6B-9D12-000000000004}.Release|Any CPU.ActiveCfg = Release|Any CPU
    {A9A40E5E-6C2D-4D6B-9D12-000000000004}.Release|Any CPU.Build.0 = Release|Any CPU
    {A9A40E5E-6C2D-4D6B-9D12-000000000005}.Release|Any CPU.ActiveCfg = Release|Any CPU
    {A9A40E5E-6C2D-4D6B-9D12-000000000005}.Release|Any CPU.Build.0 = Release|Any CPU
    {A9A40E5E-6C2D-4D6B-9D12-000000000006}.Debug|Any CPU.ActiveCfg = Debug|Any CPU
    {A9A40E5E-6C2D-4D6B-9D12-000000000006}.Debug|Any CPU.Build.0 = Debug|Any CPU
    {A9A40E5E-6C2D-4D6B-9D12-000000000006}.Release|Any CPU.ActiveCfg = Release|Any CPU
    {A9A40E5E-6C2D-4D6B-9D12-000000000006}.Release|Any CPU.Build.0 = Release|Any CPU
    {A9A40E5E-6C2D-4D6B-9D12-000000000007}.Debug|Any CPU.ActiveCfg = Debug|Any CPU
    {A9A40E5E-6C2D-4D6B-9D12-000000000007}.Debug|Any CPU.Build.0 = Debug|Any CPU
    {A9A40E5E-6C2D-4D6B-9D12-000000000007}.Release|Any CPU.ActiveCfg = Release|Any CPU
    {A9A40E5E-6C2D-4D6B-9D12-000000000007}.Release|Any CPU.Build.0 = Release|Any CPU
  EndGlobalSection
EndGlobal
